{
  "lockfile_version": "1",
  "packages": {
    "deno@2.2.12": {
      "last_modified": "2025-05-16T20:19:48Z",
      "resolved": "github:NixOS/nixpkgs/12a55407652e04dcf2309436eb06fef0d3713ef3#deno",
      "source": "devbox-search",
      "version": "2.2.12",
      "systems": {
        "aarch64-darwin": {
          "outputs": [
            {
              "name": "out",
              "path": "/nix/store/mifglxl1sq45g2sb9mfb6knldzkwmd14-deno-2.2.12",
              "default": true
            }
          ],
          "store_path": "/nix/store/mifglxl1sq45g2sb9mfb6knldzkwmd14-deno-2.2.12"
        },
        "aarch64-linux": {
          "outputs": [
            {
              "name": "out",
              "path": "/nix/store/6ls1j00rfl3hdpdg7yxc06ar259s0pb4-deno-2.2.12",
              "default": true
            }
          ],
          "store_path": "/nix/store/6ls1j00rfl3hdpdg7yxc06ar259s0pb4-deno-2.2.12"
        },
        "x86_64-darwin": {
          "outputs": [
            {
              "name": "out",
              "path": "/nix/store/3zczwps8vw0w173r5md0gmlgbqx91cz6-deno-2.2.12",
              "default": true
            }
          ],
          "store_path": "/nix/store/3zczwps8vw0w173r5md0gmlgbqx91cz6-deno-2.2.12"
        },
        "x86_64-linux": {
          "outputs": [
            {
              "name": "out",
              "path": "/nix/store/c6bn1pnbqn1jmr21v98bqq082wmlhhz4-deno-2.2.12",
              "default": true
            }
          ],
          "store_path": "/nix/store/c6bn1pnbqn1jmr21v98bqq082wmlhhz4-deno-2.2.12"
        }
      }
    },
    "github:NixOS/nixpkgs/nixpkgs-unstable": {
      "last_modified": "2025-05-15T12:36:28Z",
      "resolved": "github:NixOS/nixpkgs/b1bebd0fe266bbd1820019612ead889e96a8fa2d?lastModified=1747312588&narHash=sha256-MmJvj6mlWzeRwKGLcwmZpKaOPZ5nJb%2F6al5CXqJsgjo%3D"
    }
  }
}
